{
  "version": 4,
  "terraform_version": "1.13.1",
  "serial": 36,
  "lineage": "8db0f17f-c6fc-7e19-ac16-5c3b6ae9da5a",
  "outputs": {
    "alb_dns_name": {
      "value": "shopping-cart-service-alb-804918405.us-west-2.elb.amazonaws.com",
      "type": "string"
    },
    "alb_dns_name_dynamodb": {
      "value": "shopping-cart-service-ddb-alb-1105742360.us-west-2.elb.amazonaws.com",
      "type": "string"
    },
    "database_name": {
      "value": "shopping_cart",
      "type": "string"
    },
    "dynamodb_table_name": {
      "value": "shopping-cart-service-carts",
      "type": "string"
    },
    "ecs_cluster_name": {
      "value": "shopping-cart-service-cluster",
      "type": "string"
    },
    "ecs_service_name": {
      "value": "shopping-cart-service",
      "type": "string"
    },
    "ecs_service_name_dynamodb": {
      "value": "shopping-cart-service-ddb",
      "type": "string"
    },
    "rds_address": {
      "value": "shopping-cart-service-mysql.com1djx9bwcb.us-west-2.rds.amazonaws.com",
      "type": "string"
    },
    "rds_endpoint": {
      "value": "shopping-cart-service-mysql.com1djx9bwcb.us-west-2.rds.amazonaws.com:3306",
      "type": "string"
    }
  },
  "resources": [
    {
      "mode": "data",
      "type": "aws_ecr_authorization_token",
      "name": "registry",
      "provider": "provider[\"registry.terraform.io/hashicorp/aws\"]",
      "instances": [
        {
          "schema_version": 0,
          "attributes": {
            "authorization_token": "QVdTOmV5SndZWGxzYjJGa0lqb2ljazVVTjFKeVdrRm9SRWxwY21VeVdYbFlTSEYzYkRsVU1EVjBNMFl6SzFabE0ycHZTMVJ5ZGtoYWRIRjNORWxKZGxCWE4xSkNTa1pyUWtkNVZEUlFRVTlSWnpWUFVHWXdNM0JOU1dsM1luTnNUMFZETUVGc2FsUXZUMjVOYlM5TGIyRlVNV2xTUW1sTWNXeDJiVVpJV0hWaGRWRnFRa0pXZEVJNWNuWlpSRmh2ZEZjNFZtaHZWWGxQV20xdFZsRlZaak5OTkZNeldXdGlMMHRoTjBwRWMzQmpka2NyVm1wd1ZXZG1NRWREY0M5SlRVazVhbE5pVURWaFNtdExSMm95U0M5RVExaDRiamhsZDFaeloyRlFNblUzUXpNNVlVNU9RaTlsUWsxUmJWQkdRek5ZTkN0eVYyUTRPR2xET0ZjM0wzSTJiWFZOU1ZWSFRYWlRRMjV4VWtFMVZVMDRialJOWjJOV2FITlNSV1U0UmpaM2RqUkJSblpITDFJdlMzRm5iSFZoUzNKNmIyMXBhR2M0UWk4NFdsTjNabVkwU1RNMFVHMXFPU3RaT1dGWmRHTklPWEp5VTJ0SVQwMWFhRTF5Y0hOSGExTTVlRmg0ZDJWUVpEWkZOVkF4U0VkelNIcEhWR3haYTIwdldXeDBURWxJWjI1dldVWmxXRTk2V0ZWQlduZzNObUZWUTNkRVYydDJVVE50VG0xblN6aHNabXgyV0VOV2VHdFdkakExYkdWT05WaEpWbmwyTVVsWlJuVlBSMlp3YlhBeWFtd3ZOMlpVV25sV05ITldhV1JNY1VKdWRIQmpaWFpXVGtwUlJXVXlURkZEYVRobmVHdEtZemhQWVVoR1N6QXdOblZ5Vms4M1FsaHZUbTVOZFZGek0wRmhZVXMwYld4T1oyZE5jalJEVjB0Qk1pc3diRmxsU1U5V1FXOXRZVk5FV1RCMk9FZzRPVkkxY3pOM01IRkVXR2w1ZWtoTWQwTjBjWGt4TWtoeVMzVlVjbFJUTTJSMWEyMU5TRFZSYUVKdmFuWjRhRGQ2Um14cVVITkZZbHBJT0VZNVpUTjJVRU54UlRaNVdqbEJaVUZJWWsxaVZpdExaVFl5WVRkRGVFbE5XV3BKVDNScE5GWnhablZPVFhWNFFtaE5VWFpXTVZSVk9VcERWRGRSVURaRlRtOTFTa2xVVjNWRFduaHZlVWRSTUhRMk1FdDJibXBRTlVKblFtazRUV2QzU1RaalpFbHBZaTgxTlZwTFNGbE5ObTk1TVZwVVIweEVhV1ppU1ZkT05GUjBZbGh4V0daM2JXa3ZTQzlxWlcxV2MyVjBhMFJ2TTBkbGVEWXZWSEJPTjA1cFJEWkRia0p0UTBSdlUxTjRLM1UzVkRkYWNXMUpNVGhTZVU5aFVXSjFkMk5DY2xNMFJtWkRRblE0VWxreGJYSkhjVFl3TlZsa1JUQmpha0pSY2s1QmN6QlNOM0pUT1RkR1kyeFVNVTFtVkVwbE9IWldVMWhVWVVJMGF6aHFkVmw1TkhGVGExUTRNV3BFVEhWWFVsVklZM3BLVTNCWVJWWmthV2wwVHpCalZ6UmFVMnRpVWxKRlJVRkZTVmhVZDFGek0xVmhSbFpGYjFkMlkxSkpTVmszVEZSaVFrd3ZUM2hsYjNnNE9GTklOMGhCV1N0Q1ozZGlTV05YTlZKc1JrcEhTVzQwWjFrck1teGtURVYwYlROd1RqSmpZa05rY21aU05tTkZNVE5aVUVWRVRGaFRUbUZ3Ynpsb05tODVObUpPSzBWblMxQktSQ3RUVHpRMWVrWlpURTFXZG1oeFJuTlRZMnR0UTFwa2FVOVNibkowYjFkaFZqaGpOM2hMUjNvMU4xVXhORFZFWmtsaU0wOHJOM0pwUkZGRFNISjNZME5SVUVReFpIaEJWMjV6TmtSWWJIcHpOa281YTJoU1IzazRXamRxU2xsdFlpOW5iRmxGWlcxRWEyd3dhVTVpTHpKM2J5dGFSVEpaZDBFNVZ6Y3lkVEpXUm1sd2MyNVJRbUUzTTJvd0wwVlBaa0ZLYm1KR1pIb3lOMFZoYlhvMU1ra3dOWFk1VGpoQ1psRnhLM1ZHZVVSdFRqWm9kV1YwT1VSME5tVlRPR00yV0ZvNFpVZEdVamxDYjAxVVZIQjNaRFphYVRkQlNHeFROazlyTmxSMVFVMU9NRkZsU3pKb1pGTkRWM2RyYTBreWIzTkpWRFV3YjIxSVFUVm9lR1p2YmxKdWJsUjZSVmhHVTJWUmFISnVhRWRVWVROdFZ5OHdQU0lzSW1SaGRHRnJaWGtpT2lKQlVVVkNRVWhxTm14ak5GaEpTbmN2TjJ4dU1FaGpNREJFVFdWck5rZEZlRWhEWWxrMFVrbHdWRTFEU1RVNFNXNVZkMEZCUVVnMGQyWkJXVXBMYjFwSmFIWmpUa0ZSWTBkdlJ6aDNZbEZKUWtGRVFtOUNaMnR4YUd0cFJ6bDNNRUpDZDBWM1NHZFpTbGxKV2tsQlYxVkVRa0ZGZFUxQ1JVVkVRVzlrY21OSE1XeE5WMUZ0ZDNwaGNsRkpRa1ZKUVRkQ1ZHUm5Oazl3SzFScVZWTkJUMVZwVUZnelluQkhhMVV4VTJOa1l6WlliMlpMVTFacGNuUlBjSFpUU0hocVVqWklVMEZuVXpNd1JFRnNXbE5RVURJMlZHNDFWRlpJU1Rka2RUWndPRGhqUFNJc0luWmxjbk5wYjI0aU9pSXlJaXdpZEhsd1pTSTZJa1JCVkVGZlMwVlpJaXdpWlhod2FYSmhkR2x2YmlJNk1UYzJNVGMxTmpVeU1uMD0=",
            "expires_at": "2025-10-29T16:48:42Z",
            "id": "us-west-2",
            "password": "eyJwYXlsb2FkIjoick5UN1JyWkFoRElpcmUyWXlYSHF3bDlUMDV0M0YzK1ZlM2pvS1RydkhadHF3NElJdlBXN1JCSkZrQkd5VDRQQU9RZzVPUGYwM3BNSWl3YnNsT0VDMEFsalQvT25NbS9Lb2FUMWlSQmlMcWx2bUZIWHVhdVFqQkJWdEI5cnZZRFhvdFc4VmhvVXlPWm1tVlFVZjNNNFMzWWtiL0thN0pEc3BjdkcrVmpwVWdmMEdDcC9JTUk5alNiUDVhSmtLR2oySC9EQ1h4bjhld1ZzZ2FQMnU3QzM5YU5OQi9lQk1RbVBGQzNYNCtyV2Q4OGlDOFc3L3I2bXVNSVVHTXZTQ25xUkE1VU04bjRNZ2NWaHNSRWU4RjZ3djRBRnZHL1IvS3FnbHVhS3J6b21paGc4Qi84WlN3ZmY0STM0UG1qOStZOWFZdGNIOXJyU2tIT01aaE1ycHNHa1M5eFh4d2VQZDZFNVAxSEdzSHpHVGxZa20vWWx0TElIZ25vWUZlWE96WFVBWng3NmFVQ3dEV2t2UTNtTm1nSzhsZmx2WENWeGtWdjA1bGVONVhJVnl2MUlZRnVPR2ZwbXAyamwvN2ZUWnlWNHNWaWRMcUJudHBjZXZWTkpRRWUyTFFDaThneGtKYzhPYUhGSzAwNnVyVk83QlhvTm5NdVFzM0FhYUs0bWxOZ2dNcjRDV0tBMiswbFllSU9WQW9tYVNEWTB2OEg4OVI1czN3MHFEWGl5ekhMd0N0cXkxMkhyS3VUclRTM2R1a21NSDVRaEJvanZ4aDd6RmxqUHNFYlpIOEY5ZTN2UENxRTZ5WjlBZUFIYk1iVitLZTYyYTdDeElNWWpJT3RpNFZxZnVOTXV4QmhNUXZWMVRVOUpDVDdRUDZFTm91SklUV3VDWnhveUdRMHQ2MEt2bmpQNUJnQmk4TWd3STZjZElpYi81NVpLSFlNNm95MVpUR0xEaWZiSVdONFR0YlhxWGZ3bWkvSC9qZW1Wc2V0a0RvM0dleDYvVHBON05pRDZDbkJtQ0RvU1N4K3U3VDdacW1JMThSeU9hUWJ1d2NCclM0RmZDQnQ4UlkxbXJHcTYwNVlkRTBjakJRck5BczBSN3JTOTdGY2xUMU1mVEplOHZWU1hUYUI0azhqdVl5NHFTa1Q4MWpETHVXUlVIY3pKU3BYRVZkaWl0TzBjVzRaU2tiUlJFRUFFSVhUd1FzM1VhRlZFb1d2Y1JJSVk3TFRiQkwvT3hlb3g4OFNIN0hBWStCZ3diSWNXNVJsRkpHSW40Z1krMmxkTEV0bTNwTjJjYkNkcmZSNmNFMTNZUEVETFhTTmFwbzloNm85NmJOK0VnS1BKRCtTTzQ1ekZZTE1WdmhxRnNTY2ttQ1pkaU9SbnJ0b1dhVjhjN3hLR3o1N1UxNDVEZkliM08rN3JpRFFDSHJ3Y0NRUEQxZHhBV25zNkRYbHpzNko5a2hSR3k4WjdqSlltYi9nbFlFZW1Ea2wwaU5iLzJ3bytaRTJZd0E5VzcydTJWRmlwc25RQmE3M2owL0VPZkFKbmJGZHoyN0VhbXo1MkkwNXY5TjhCZlFxK3VGeURtTjZodWV0OUR0NmVTOGM2WFo4ZUdGUjlCb01UVHB3ZDZaaTdBSGxTNk9rNlR1QU1OMFFlSzJoZFNDV3dra0kyb3NJVDUwb21IQTVoeGZvblJublR6RVhGU2VRaHJuaEdUYTNtVy8wPSIsImRhdGFrZXkiOiJBUUVCQUhqNmxjNFhJSncvN2xuMEhjMDBETWVrNkdFeEhDYlk0UklwVE1DSTU4SW5Vd0FBQUg0d2ZBWUpLb1pJaHZjTkFRY0dvRzh3YlFJQkFEQm9CZ2txaGtpRzl3MEJCd0V3SGdZSllJWklBV1VEQkFFdU1CRUVEQW9kcmNHMWxNV1Ftd3phclFJQkVJQTdCVGRnNk9wK1RqVVNBT1VpUFgzYnBHa1UxU2NkYzZYb2ZLU1ZpcnRPcHZTSHhqUjZIU0FnUzMwREFsWlNQUDI2VG41VFZISTdkdTZwODhjPSIsInZlcnNpb24iOiIyIiwidHlwZSI6IkRBVEFfS0VZIiwiZXhwaXJhdGlvbiI6MTc2MTc1NjUyMn0=",
            "proxy_endpoint": "https://662921601207.dkr.ecr.us-west-2.amazonaws.com",
            "region": "us-west-2",
            "registry_id": null,
            "user_name": "AWS"
          },
          "sensitive_attributes": [
            [
              {
                "type": "get_attr",
                "value": "authorization_token"
              }
            ],
            [
              {
                "type": "get_attr",
                "value": "password"
              }
            ]
          ],
          "identity_schema_version": 0
        }
      ]
    },
    {
      "mode": "data",
      "type": "aws_iam_role",
      "name": "lab_role",
      "provider": "provider[\"registry.terraform.io/hashicorp/aws\"]",
      "instances": [
        {
          "schema_version": 0,
          "attributes": {
            "arn": "arn:aws:iam::662921601207:role/LabRole",
            "assume_role_policy": "{\"Version\":\"2012-10-17\",\"Statement\":[{\"Effect\":\"Allow\",\"Principal\":{\"AWS\":\"arn:aws:iam::662921601207:role/LabRole\",\"Service\":[\"elasticloadbalancing.amazonaws.com\",\"ec2.amazonaws.com\",\"iot.amazonaws.com\",\"iotanalytics.amazonaws.com\",\"cloudtrail.amazonaws.com\",\"sns.amazonaws.com\",\"glue.amazonaws.com\",\"lambda.amazonaws.com\",\"eks.amazonaws.com\",\"application-autoscaling.amazonaws.com\",\"rekognition.amazonaws.com\",\"codecommit.amazonaws.com\",\"iotevents.amazonaws.com\",\"elasticfilesystem.amazonaws.com\",\"logs.amazonaws.com\",\"sqs.amazonaws.com\",\"codewhisperer.amazonaws.com\",\"rds.amazonaws.com\",\"athena.amazonaws.com\",\"cloud9.amazonaws.com\",\"forecast.amazonaws.com\",\"ecs-tasks.amazonaws.com\",\"pipes.amazonaws.com\",\"resource-groups.amazonaws.com\",\"servicecatalog.amazonaws.com\",\"backup.amazonaws.com\",\"credentials.iot.amazonaws.com\",\"sagemaker.amazonaws.com\",\"autoscaling.amazonaws.com\",\"states.amazonaws.com\",\"deepracer.amazonaws.com\",\"scheduler.amazonaws.com\",\"batch.amazonaws.com\",\"cloudformation.amazonaws.com\",\"s3.amazonaws.com\",\"elasticmapreduce.amazonaws.com\",\"elasticbeanstalk.amazonaws.com\",\"ec2.application-autoscaling.amazonaws.com\",\"firehose.amazonaws.com\",\"apigateway.amazonaws.com\",\"events.amazonaws.com\",\"secretsmanager.amazonaws.com\",\"codedeploy.amazonaws.com\",\"databrew.amazonaws.com\",\"ecs.amazonaws.com\",\"kinesis.amazonaws.com\",\"redshift.amazonaws.com\",\"kinesisanalytics.amazonaws.com\",\"dynamodb.amazonaws.com\",\"cognito-idp.amazonaws.com\",\"eks-fargate-pods.amazonaws.com\",\"kms.amazonaws.com\",\"ssm.amazonaws.com\"]},\"Action\":\"sts:AssumeRole\"}]}",
            "create_date": "2025-10-29T02:05:17Z",
            "description": "",
            "id": "LabRole",
            "max_session_duration": 3600,
            "name": "LabRole",
            "path": "/",
            "permissions_boundary": "",
            "role_last_used": [
              {
                "last_used_date": "2025-10-29T04:41:47Z",
                "region": "us-west-2"
              }
            ],
            "tags": {
              "cloudlab": "c185130a4792860l12364289t1w662921601207"
            },
            "unique_id": "AROAZUWJU4C3QPQXDGDZJ"
          },
          "sensitive_attributes": [],
          "identity_schema_version": 0
        }
      ]
    },
    {
      "mode": "data",
      "type": "aws_vpc",
      "name": "default",
      "provider": "provider[\"registry.terraform.io/hashicorp/aws\"]",
      "instances": [
        {
          "schema_version": 0,
          "attributes": {
            "arn": "arn:aws:ec2:us-west-2:662921601207:vpc/vpc-0dc59802654a427d1",
            "cidr_block": "172.31.0.0/16",
            "cidr_block_associations": [
              {
                "association_id": "vpc-cidr-assoc-0f846db6ab99e3533",
                "cidr_block": "172.31.0.0/16",
                "state": "associated"
              }
            ],
            "default": true,
            "dhcp_options_id": "dopt-04a327f45b81346c5",
            "enable_dns_hostnames": true,
            "enable_dns_support": true,
            "enable_network_address_usage_metrics": false,
            "filter": null,
            "id": "vpc-0dc59802654a427d1",
            "instance_tenancy": "default",
            "ipv6_association_id": "",
            "ipv6_cidr_block": "",
            "main_route_table_id": "rtb-039013dd876b90a76",
            "owner_id": "662921601207",
            "region": "us-west-2",
            "state": null,
            "tags": {},
            "timeouts": null
          },
          "sensitive_attributes": [],
          "identity_schema_version": 0
        }
      ]
    },
    {
      "mode": "managed",
      "type": "docker_image",
      "name": "app",
      "provider": "provider[\"registry.terraform.io/kreuzwerker/docker\"]",
      "instances": [
        {
          "schema_version": 0,
          "attributes": {
            "build": [
              {
                "auth_config": [],
                "build_arg": {},
                "build_args": {},
                "build_id": "",
                "cache_from": [],
                "cgroup_parent": "",
                "context": "../src",
                "cpu_period": 0,
                "cpu_quota": 0,
                "cpu_set_cpus": "",
                "cpu_set_mems": "",
                "cpu_shares": 0,
                "dockerfile": "Dockerfile",
                "extra_hosts": [],
                "force_remove": false,
                "isolation": "",
                "label": {},
                "labels": {},
                "memory": 0,
                "memory_swap": 0,
                "network_mode": "",
                "no_cache": false,
                "path": "",
                "platform": "",
                "pull_parent": false,
                "remote_context": "",
                "remove": true,
                "security_opt": [],
                "session_id": "",
                "shm_size": 0,
                "squash": false,
                "suppress_output": false,
                "tag": [],
                "target": "",
                "ulimit": [],
                "version": ""
              }
            ],
            "force_remove": null,
            "id": "sha256:0f5207d2423850f8b2133b149fd366a0975f43c9aedbbb0bc08b5a849175a375662921601207.dkr.ecr.us-west-2.amazonaws.com/shopping-cart-api:latest",
            "image_id": "sha256:0f5207d2423850f8b2133b149fd366a0975f43c9aedbbb0bc08b5a849175a375",
            "keep_locally": null,
            "latest": "sha256:0f5207d2423850f8b2133b149fd366a0975f43c9aedbbb0bc08b5a849175a375",
            "name": "662921601207.dkr.ecr.us-west-2.amazonaws.com/shopping-cart-api:latest",
            "output": null,
            "platform": null,
            "pull_trigger": null,
            "pull_triggers": null,
            "repo_digest": "662921601207.dkr.ecr.us-west-2.amazonaws.com/shopping-cart-api@sha256:0f5207d2423850f8b2133b149fd366a0975f43c9aedbbb0bc08b5a849175a375",
            "triggers": null
          },
          "sensitive_attributes": [],
          "identity_schema_version": 0,
          "private": "bnVsbA==",
          "dependencies": [
            "data.aws_ecr_authorization_token.registry",
            "module.ecr.aws_ecr_repository.this"
          ]
        }
      ]
    },
    {
      "mode": "managed",
      "type": "docker_image",
      "name": "app_dynamodb",
      "provider": "provider[\"registry.terraform.io/kreuzwerker/docker\"]",
      "instances": [
        {
          "schema_version": 0,
          "attributes": {
            "build": [
              {
                "auth_config": [],
                "build_arg": null,
                "build_args": null,
                "build_id": "",
                "cache_from": [],
                "cgroup_parent": "",
                "context": "../src-dynamodb",
                "cpu_period": null,
                "cpu_quota": null,
                "cpu_set_cpus": "",
                "cpu_set_mems": "",
                "cpu_shares": null,
                "dockerfile": "Dockerfile",
                "extra_hosts": [],
                "force_remove": null,
                "isolation": "",
                "label": null,
                "labels": null,
                "memory": null,
                "memory_swap": null,
                "network_mode": "",
                "no_cache": null,
                "path": "",
                "platform": "",
                "pull_parent": null,
                "remote_context": "",
                "remove": true,
                "security_opt": [],
                "session_id": "",
                "shm_size": null,
                "squash": null,
                "suppress_output": null,
                "tag": [],
                "target": "",
                "ulimit": [],
                "version": ""
              }
            ],
            "force_remove": null,
            "id": "sha256:15643f1fcab04692f2e0094748cad67e1aa0321aef780d7cf3524131c929fa78662921601207.dkr.ecr.us-west-2.amazonaws.com/shopping-cart-api-dynamodb:latest",
            "image_id": "sha256:15643f1fcab04692f2e0094748cad67e1aa0321aef780d7cf3524131c929fa78",
            "keep_locally": null,
            "latest": "sha256:15643f1fcab04692f2e0094748cad67e1aa0321aef780d7cf3524131c929fa78",
            "name": "662921601207.dkr.ecr.us-west-2.amazonaws.com/shopping-cart-api-dynamodb:latest",
            "output": null,
            "platform": null,
            "pull_trigger": null,
            "pull_triggers": null,
            "repo_digest": "662921601207.dkr.ecr.us-west-2.amazonaws.com/shopping-cart-api-dynamodb@sha256:15643f1fcab04692f2e0094748cad67e1aa0321aef780d7cf3524131c929fa78",
            "triggers": null
          },
          "sensitive_attributes": [],
          "identity_schema_version": 0,
          "private": "bnVsbA==",
          "dependencies": [
            "data.aws_ecr_authorization_token.registry",
            "module.ecr_dynamodb.aws_ecr_repository.this"
          ]
        }
      ]
    },
    {
      "mode": "managed",
      "type": "docker_registry_image",
      "name": "app",
      "provider": "provider[\"registry.terraform.io/kreuzwerker/docker\"]",
      "instances": [
        {
          "schema_version": 0,
          "attributes": {
            "build": [],
            "id": "sha256:0f5207d2423850f8b2133b149fd366a0975f43c9aedbbb0bc08b5a849175a375",
            "insecure_skip_verify": false,
            "keep_remotely": false,
            "name": "662921601207.dkr.ecr.us-west-2.amazonaws.com/shopping-cart-api:latest",
            "sha256_digest": "sha256:0f5207d2423850f8b2133b149fd366a0975f43c9aedbbb0bc08b5a849175a375",
            "triggers": null
          },
          "sensitive_attributes": [],
          "identity_schema_version": 0,
          "private": "bnVsbA==",
          "dependencies": [
            "data.aws_ecr_authorization_token.registry",
            "docker_image.app",
            "module.ecr.aws_ecr_repository.this"
          ]
        }
      ]
    },
    {
      "mode": "managed",
      "type": "docker_registry_image",
      "name": "app_dynamodb",
      "provider": "provider[\"registry.terraform.io/kreuzwerker/docker\"]",
      "instances": [
        {
          "schema_version": 0,
          "attributes": {
            "build": [],
            "id": "sha256:15643f1fcab04692f2e0094748cad67e1aa0321aef780d7cf3524131c929fa78",
            "insecure_skip_verify": false,
            "keep_remotely": false,
            "name": "662921601207.dkr.ecr.us-west-2.amazonaws.com/shopping-cart-api-dynamodb:latest",
            "sha256_digest": "sha256:15643f1fcab04692f2e0094748cad67e1aa0321aef780d7cf3524131c929fa78",
            "triggers": null
          },
          "sensitive_attributes": [],
          "identity_schema_version": 0,
          "private": "bnVsbA==",
          "dependencies": [
            "data.aws_ecr_authorization_token.registry",
            "docker_image.app_dynamodb",
            "module.ecr_dynamodb.aws_ecr_repository.this"
          ]
        }
      ]
    },
    {
      "module": "module.alb",
      "mode": "managed",
      "type": "aws_lb",
      "name": "this",
      "provider": "provider[\"registry.terraform.io/hashicorp/aws\"]",
      "instances": [
        {
          "schema_version": 0,
          "attributes": {
            "access_logs": [
              {
                "bucket": "",
                "enabled": false,
                "prefix": ""
              }
            ],
            "arn": "arn:aws:elasticloadbalancing:us-west-2:662921601207:loadbalancer/app/shopping-cart-service-alb/7a2bdb69bd369e62",
            "arn_suffix": "app/shopping-cart-service-alb/7a2bdb69bd369e62",
            "client_keep_alive": 3600,
            "connection_logs": [
              {
                "bucket": "",
                "enabled": false,
                "prefix": ""
              }
            ],
            "customer_owned_ipv4_pool": "",
            "desync_mitigation_mode": "defensive",
            "dns_name": "shopping-cart-service-alb-804918405.us-west-2.elb.amazonaws.com",
            "dns_record_client_routing_policy": null,
            "drop_invalid_header_fields": false,
            "enable_cross_zone_load_balancing": true,
            "enable_deletion_protection": false,
            "enable_http2": true,
            "enable_tls_version_and_cipher_suite_headers": false,
            "enable_waf_fail_open": false,
            "enable_xff_client_port": false,
            "enable_zonal_shift": false,
            "enforce_security_group_inbound_rules_on_private_link_traffic": "",
            "id": "arn:aws:elasticloadbalancing:us-west-2:662921601207:loadbalancer/app/shopping-cart-service-alb/7a2bdb69bd369e62",
            "idle_timeout": 60,
            "internal": false,
            "ip_address_type": "ipv4",
            "ipam_pools": [],
            "load_balancer_type": "application",
            "minimum_load_balancer_capacity": [],
            "name": "shopping-cart-service-alb",
            "name_prefix": "",
            "preserve_host_header": false,
            "region": "us-west-2",
            "security_groups": [
              "sg-032667cae51921cdb"
            ],
            "subnet_mapping": [
              {
                "allocation_id": "",
                "ipv6_address": "",
                "outpost_id": "",
                "private_ipv4_address": "",
                "subnet_id": "subnet-08eb5f74742d90755"
              },
              {
                "allocation_id": "",
                "ipv6_address": "",
                "outpost_id": "",
                "private_ipv4_address": "",
                "subnet_id": "subnet-0cdab1a835665d8aa"
              },
              {
                "allocation_id": "",
                "ipv6_address": "",
                "outpost_id": "",
                "private_ipv4_address": "",
                "subnet_id": "subnet-0f34c8990c4e3b8d9"
              },
              {
                "allocation_id": "",
                "ipv6_address": "",
                "outpost_id": "",
                "private_ipv4_address": "",
                "subnet_id": "subnet-0ff4ff1da3122fcd7"
              }
            ],
            "subnets": [
              "subnet-08eb5f74742d90755",
              "subnet-0cdab1a835665d8aa",
              "subnet-0f34c8990c4e3b8d9",
              "subnet-0ff4ff1da3122fcd7"
            ],
            "tags": {
              "Name": "shopping-cart-service-alb"
            },
            "tags_all": {
              "Name": "shopping-cart-service-alb"
            },
            "timeouts": null,
            "vpc_id": "vpc-0dc59802654a427d1",
            "xff_header_processing_mode": "append",
            "zone_id": "Z1H1FL5HABSF5"
          },
          "sensitive_attributes": [],
          "identity_schema_version": 0,
          "identity": {
            "arn": "arn:aws:elasticloadbalancing:us-west-2:662921601207:loadbalancer/app/shopping-cart-service-alb/7a2bdb69bd369e62"
          },
          "private": "eyJlMmJmYjczMC1lY2FhLTExZTYtOGY4OC0zNDM2M2JjN2M0YzAiOnsiY3JlYXRlIjo2MDAwMDAwMDAwMDAsImRlbGV0ZSI6NjAwMDAwMDAwMDAwLCJ1cGRhdGUiOjYwMDAwMDAwMDAwMH19",
          "dependencies": [
            "module.network.aws_security_group.this",
            "module.network.data.aws_subnets.default",
            "module.network.data.aws_vpc.default"
          ]
        }
      ]
    },
    {
      "module": "module.alb",
      "mode": "managed",
      "type": "aws_lb_listener",
      "name": "this",
      "provider": "provider[\"registry.terraform.io/hashicorp/aws\"]",
      "instances": [
        {
          "schema_version": 0,
          "attributes": {
            "alpn_policy": null,
            "arn": "arn:aws:elasticloadbalancing:us-west-2:662921601207:listener/app/shopping-cart-service-alb/7a2bdb69bd369e62/d7b15081b6ac725a",
            "certificate_arn": null,
            "default_action": [
              {
                "authenticate_cognito": [],
                "authenticate_oidc": [],
                "fixed_response": [],
                "forward": [],
                "order": 1,
                "redirect": [],
                "target_group_arn": "arn:aws:elasticloadbalancing:us-west-2:662921601207:targetgroup/shopping-cart-service-tg/4b130cda7c68a4d7",
                "type": "forward"
              }
            ],
            "id": "arn:aws:elasticloadbalancing:us-west-2:662921601207:listener/app/shopping-cart-service-alb/7a2bdb69bd369e62/d7b15081b6ac725a",
            "load_balancer_arn": "arn:aws:elasticloadbalancing:us-west-2:662921601207:loadbalancer/app/shopping-cart-service-alb/7a2bdb69bd369e62",
            "mutual_authentication": [],
            "port": 80,
            "protocol": "HTTP",
            "region": "us-west-2",
            "routing_http_request_x_amzn_mtls_clientcert_header_name": null,
            "routing_http_request_x_amzn_mtls_clientcert_issuer_header_name": null,
            "routing_http_request_x_amzn_mtls_clientcert_leaf_header_name": null,
            "routing_http_request_x_amzn_mtls_clientcert_serial_number_header_name": null,
            "routing_http_request_x_amzn_mtls_clientcert_subject_header_name": null,
            "routing_http_request_x_amzn_mtls_clientcert_validity_header_name": null,
            "routing_http_request_x_amzn_tls_cipher_suite_header_name": null,
            "routing_http_request_x_amzn_tls_version_header_name": null,
            "routing_http_response_access_control_allow_credentials_header_value": "",
            "routing_http_response_access_control_allow_headers_header_value": "",
            "routing_http_response_access_control_allow_methods_header_value": "",
            "routing_http_response_access_control_allow_origin_header_value": "",
            "routing_http_response_access_control_expose_headers_header_value": "",
            "routing_http_response_access_control_max_age_header_value": "",
            "routing_http_response_content_security_policy_header_value": "",
            "routing_http_response_server_enabled": true,
            "routing_http_response_strict_transport_security_header_value": "",
            "routing_http_response_x_content_type_options_header_value": "",
            "routing_http_response_x_frame_options_header_value": "",
            "ssl_policy": "",
            "tags": {},
            "tags_all": {},
            "tcp_idle_timeout_seconds": null,
            "timeouts": null
          },
          "sensitive_attributes": [],
          "identity_schema_version": 0,
          "identity": {
            "arn": "arn:aws:elasticloadbalancing:us-west-2:662921601207:listener/app/shopping-cart-service-alb/7a2bdb69bd369e62/d7b15081b6ac725a"
          },
          "private": "eyJlMmJmYjczMC1lY2FhLTExZTYtOGY4OC0zNDM2M2JjN2M0YzAiOnsiY3JlYXRlIjozMDAwMDAwMDAwMDAsInVwZGF0ZSI6MzAwMDAwMDAwMDAwfX0=",
          "dependencies": [
            "data.aws_vpc.default",
            "module.alb.aws_lb.this",
            "module.alb.aws_lb_target_group.this",
            "module.network.aws_security_group.this",
            "module.network.data.aws_subnets.default",
            "module.network.data.aws_vpc.default"
          ]
        }
      ]
    },
    {
      "module": "module.alb",
      "mode": "managed",
      "type": "aws_lb_target_group",
      "name": "this",
      "provider": "provider[\"registry.terraform.io/hashicorp/aws\"]",
      "instances": [
        {
          "schema_version": 0,
          "attributes": {
            "arn": "arn:aws:elasticloadbalancing:us-west-2:662921601207:targetgroup/shopping-cart-service-tg/4b130cda7c68a4d7",
            "arn_suffix": "targetgroup/shopping-cart-service-tg/4b130cda7c68a4d7",
            "connection_termination": null,
            "deregistration_delay": "30",
            "health_check": [
              {
                "enabled": true,
                "healthy_threshold": 2,
                "interval": 30,
                "matcher": "200",
                "path": "/health",
                "port": "traffic-port",
                "protocol": "HTTP",
                "timeout": 5,
                "unhealthy_threshold": 2
              }
            ],
            "id": "arn:aws:elasticloadbalancing:us-west-2:662921601207:targetgroup/shopping-cart-service-tg/4b130cda7c68a4d7",
            "ip_address_type": "ipv4",
            "lambda_multi_value_headers_enabled": false,
            "load_balancer_arns": [
              "arn:aws:elasticloadbalancing:us-west-2:662921601207:loadbalancer/app/shopping-cart-service-alb/7a2bdb69bd369e62"
            ],
            "load_balancing_algorithm_type": "round_robin",
            "load_balancing_anomaly_mitigation": "off",
            "load_balancing_cross_zone_enabled": "use_load_balancer_configuration",
            "name": "shopping-cart-service-tg",
            "name_prefix": "",
            "port": 8080,
            "preserve_client_ip": null,
            "protocol": "HTTP",
            "protocol_version": "HTTP1",
            "proxy_protocol_v2": false,
            "region": "us-west-2",
            "slow_start": 0,
            "stickiness": [
              {
                "cookie_duration": 86400,
                "cookie_name": "",
                "enabled": false,
                "type": "lb_cookie"
              }
            ],
            "tags": {
              "Name": "shopping-cart-service-tg"
            },
            "tags_all": {
              "Name": "shopping-cart-service-tg"
            },
            "target_failover": [
              {
                "on_deregistration": null,
                "on_unhealthy": null
              }
            ],
            "target_group_health": [
              {
                "dns_failover": [
                  {
                    "minimum_healthy_targets_count": "1",
                    "minimum_healthy_targets_percentage": "off"
                  }
                ],
                "unhealthy_state_routing": [
                  {
                    "minimum_healthy_targets_count": 1,
                    "minimum_healthy_targets_percentage": "off"
                  }
                ]
              }
            ],
            "target_health_state": [
              {
                "enable_unhealthy_connection_termination": null,
                "unhealthy_draining_interval": null
              }
            ],
            "target_type": "ip",
            "vpc_id": "vpc-0dc59802654a427d1"
          },
          "sensitive_attributes": [],
          "identity_schema_version": 0,
          "identity": {
            "arn": "arn:aws:elasticloadbalancing:us-west-2:662921601207:targetgroup/shopping-cart-service-tg/4b130cda7c68a4d7"
          },
          "private": "bnVsbA==",
          "dependencies": [
            "data.aws_vpc.default"
          ]
        }
      ]
    },
    {
      "module": "module.alb_dynamodb",
      "mode": "managed",
      "type": "aws_lb",
      "name": "this",
      "provider": "provider[\"registry.terraform.io/hashicorp/aws\"]",
      "instances": [
        {
          "schema_version": 0,
          "attributes": {
            "access_logs": [
              {
                "bucket": "",
                "enabled": false,
                "prefix": ""
              }
            ],
            "arn": "arn:aws:elasticloadbalancing:us-west-2:662921601207:loadbalancer/app/shopping-cart-service-ddb-alb/e4ce4bd668b8a4e4",
            "arn_suffix": "app/shopping-cart-service-ddb-alb/e4ce4bd668b8a4e4",
            "client_keep_alive": 3600,
            "connection_logs": [
              {
                "bucket": "",
                "enabled": false,
                "prefix": ""
              }
            ],
            "customer_owned_ipv4_pool": "",
            "desync_mitigation_mode": "defensive",
            "dns_name": "shopping-cart-service-ddb-alb-1105742360.us-west-2.elb.amazonaws.com",
            "dns_record_client_routing_policy": null,
            "drop_invalid_header_fields": false,
            "enable_cross_zone_load_balancing": true,
            "enable_deletion_protection": false,
            "enable_http2": true,
            "enable_tls_version_and_cipher_suite_headers": false,
            "enable_waf_fail_open": false,
            "enable_xff_client_port": false,
            "enable_zonal_shift": false,
            "enforce_security_group_inbound_rules_on_private_link_traffic": "",
            "id": "arn:aws:elasticloadbalancing:us-west-2:662921601207:loadbalancer/app/shopping-cart-service-ddb-alb/e4ce4bd668b8a4e4",
            "idle_timeout": 60,
            "internal": false,
            "ip_address_type": "ipv4",
            "ipam_pools": [],
            "load_balancer_type": "application",
            "minimum_load_balancer_capacity": [],
            "name": "shopping-cart-service-ddb-alb",
            "name_prefix": "",
            "preserve_host_header": false,
            "region": "us-west-2",
            "security_groups": [
              "sg-032667cae51921cdb"
            ],
            "subnet_mapping": [
              {
                "allocation_id": "",
                "ipv6_address": "",
                "outpost_id": "",
                "private_ipv4_address": "",
                "subnet_id": "subnet-08eb5f74742d90755"
              },
              {
                "allocation_id": "",
                "ipv6_address": "",
                "outpost_id": "",
                "private_ipv4_address": "",
                "subnet_id": "subnet-0cdab1a835665d8aa"
              },
              {
                "allocation_id": "",
                "ipv6_address": "",
                "outpost_id": "",
                "private_ipv4_address": "",
                "subnet_id": "subnet-0f34c8990c4e3b8d9"
              },
              {
                "allocation_id": "",
                "ipv6_address": "",
                "outpost_id": "",
                "private_ipv4_address": "",
                "subnet_id": "subnet-0ff4ff1da3122fcd7"
              }
            ],
            "subnets": [
              "subnet-08eb5f74742d90755",
              "subnet-0cdab1a835665d8aa",
              "subnet-0f34c8990c4e3b8d9",
              "subnet-0ff4ff1da3122fcd7"
            ],
            "tags": {
              "Name": "shopping-cart-service-ddb-alb"
            },
            "tags_all": {
              "Name": "shopping-cart-service-ddb-alb"
            },
            "timeouts": null,
            "vpc_id": "vpc-0dc59802654a427d1",
            "xff_header_processing_mode": "append",
            "zone_id": "Z1H1FL5HABSF5"
          },
          "sensitive_attributes": [],
          "identity_schema_version": 0,
          "identity": {
            "arn": "arn:aws:elasticloadbalancing:us-west-2:662921601207:loadbalancer/app/shopping-cart-service-ddb-alb/e4ce4bd668b8a4e4"
          },
          "private": "eyJlMmJmYjczMC1lY2FhLTExZTYtOGY4OC0zNDM2M2JjN2M0YzAiOnsiY3JlYXRlIjo2MDAwMDAwMDAwMDAsImRlbGV0ZSI6NjAwMDAwMDAwMDAwLCJ1cGRhdGUiOjYwMDAwMDAwMDAwMH19",
          "dependencies": [
            "module.network.aws_security_group.this",
            "module.network.data.aws_subnets.default",
            "module.network.data.aws_vpc.default"
          ]
        }
      ]
    },
    {
      "module": "module.alb_dynamodb",
      "mode": "managed",
      "type": "aws_lb_listener",
      "name": "this",
      "provider": "provider[\"registry.terraform.io/hashicorp/aws\"]",
      "instances": [
        {
          "schema_version": 0,
          "attributes": {
            "alpn_policy": null,
            "arn": "arn:aws:elasticloadbalancing:us-west-2:662921601207:listener/app/shopping-cart-service-ddb-alb/e4ce4bd668b8a4e4/c05665f9634cb2af",
            "certificate_arn": null,
            "default_action": [
              {
                "authenticate_cognito": [],
                "authenticate_oidc": [],
                "fixed_response": [],
                "forward": [],
                "order": 1,
                "redirect": [],
                "target_group_arn": "arn:aws:elasticloadbalancing:us-west-2:662921601207:targetgroup/shopping-cart-service-ddb-tg/ca64eaa67c3e4f21",
                "type": "forward"
              }
            ],
            "id": "arn:aws:elasticloadbalancing:us-west-2:662921601207:listener/app/shopping-cart-service-ddb-alb/e4ce4bd668b8a4e4/c05665f9634cb2af",
            "load_balancer_arn": "arn:aws:elasticloadbalancing:us-west-2:662921601207:loadbalancer/app/shopping-cart-service-ddb-alb/e4ce4bd668b8a4e4",
            "mutual_authentication": [],
            "port": 80,
            "protocol": "HTTP",
            "region": "us-west-2",
            "routing_http_request_x_amzn_mtls_clientcert_header_name": null,
            "routing_http_request_x_amzn_mtls_clientcert_issuer_header_name": null,
            "routing_http_request_x_amzn_mtls_clientcert_leaf_header_name": null,
            "routing_http_request_x_amzn_mtls_clientcert_serial_number_header_name": null,
            "routing_http_request_x_amzn_mtls_clientcert_subject_header_name": null,
            "routing_http_request_x_amzn_mtls_clientcert_validity_header_name": null,
            "routing_http_request_x_amzn_tls_cipher_suite_header_name": null,
            "routing_http_request_x_amzn_tls_version_header_name": null,
            "routing_http_response_access_control_allow_credentials_header_value": "",
            "routing_http_response_access_control_allow_headers_header_value": "",
            "routing_http_response_access_control_allow_methods_header_value": "",
            "routing_http_response_access_control_allow_origin_header_value": "",
            "routing_http_response_access_control_expose_headers_header_value": "",
            "routing_http_response_access_control_max_age_header_value": "",
            "routing_http_response_content_security_policy_header_value": "",
            "routing_http_response_server_enabled": true,
            "routing_http_response_strict_transport_security_header_value": "",
            "routing_http_response_x_content_type_options_header_value": "",
            "routing_http_response_x_frame_options_header_value": "",
            "ssl_policy": "",
            "tags": {},
            "tags_all": {},
            "tcp_idle_timeout_seconds": null,
            "timeouts": null
          },
          "sensitive_attributes": [],
          "identity_schema_version": 0,
          "identity": {
            "arn": "arn:aws:elasticloadbalancing:us-west-2:662921601207:listener/app/shopping-cart-service-ddb-alb/e4ce4bd668b8a4e4/c05665f9634cb2af"
          },
          "private": "eyJlMmJmYjczMC1lY2FhLTExZTYtOGY4OC0zNDM2M2JjN2M0YzAiOnsiY3JlYXRlIjozMDAwMDAwMDAwMDAsInVwZGF0ZSI6MzAwMDAwMDAwMDAwfX0=",
          "dependencies": [
            "data.aws_vpc.default",
            "module.alb_dynamodb.aws_lb.this",
            "module.alb_dynamodb.aws_lb_target_group.this",
            "module.network.aws_security_group.this",
            "module.network.data.aws_subnets.default",
            "module.network.data.aws_vpc.default"
          ]
        }
      ]
    },
    {
      "module": "module.alb_dynamodb",
      "mode": "managed",
      "type": "aws_lb_target_group",
      "name": "this",
      "provider": "provider[\"registry.terraform.io/hashicorp/aws\"]",
      "instances": [
        {
          "schema_version": 0,
          "attributes": {
            "arn": "arn:aws:elasticloadbalancing:us-west-2:662921601207:targetgroup/shopping-cart-service-ddb-tg/ca64eaa67c3e4f21",
            "arn_suffix": "targetgroup/shopping-cart-service-ddb-tg/ca64eaa67c3e4f21",
            "connection_termination": null,
            "deregistration_delay": "30",
            "health_check": [
              {
                "enabled": true,
                "healthy_threshold": 2,
                "interval": 30,
                "matcher": "200",
                "path": "/health",
                "port": "traffic-port",
                "protocol": "HTTP",
                "timeout": 5,
                "unhealthy_threshold": 2
              }
            ],
            "id": "arn:aws:elasticloadbalancing:us-west-2:662921601207:targetgroup/shopping-cart-service-ddb-tg/ca64eaa67c3e4f21",
            "ip_address_type": "ipv4",
            "lambda_multi_value_headers_enabled": false,
            "load_balancer_arns": [
              "arn:aws:elasticloadbalancing:us-west-2:662921601207:loadbalancer/app/shopping-cart-service-ddb-alb/e4ce4bd668b8a4e4"
            ],
            "load_balancing_algorithm_type": "round_robin",
            "load_balancing_anomaly_mitigation": "off",
            "load_balancing_cross_zone_enabled": "use_load_balancer_configuration",
            "name": "shopping-cart-service-ddb-tg",
            "name_prefix": "",
            "port": 8080,
            "preserve_client_ip": null,
            "protocol": "HTTP",
            "protocol_version": "HTTP1",
            "proxy_protocol_v2": false,
            "region": "us-west-2",
            "slow_start": 0,
            "stickiness": [
              {
                "cookie_duration": 86400,
                "cookie_name": "",
                "enabled": false,
                "type": "lb_cookie"
              }
            ],
            "tags": {
              "Name": "shopping-cart-service-ddb-tg"
            },
            "tags_all": {
              "Name": "shopping-cart-service-ddb-tg"
            },
            "target_failover": [
              {
                "on_deregistration": null,
                "on_unhealthy": null
              }
            ],
            "target_group_health": [
              {
                "dns_failover": [
                  {
                    "minimum_healthy_targets_count": "1",
                    "minimum_healthy_targets_percentage": "off"
                  }
                ],
                "unhealthy_state_routing": [
                  {
                    "minimum_healthy_targets_count": 1,
                    "minimum_healthy_targets_percentage": "off"
                  }
                ]
              }
            ],
            "target_health_state": [
              {
                "enable_unhealthy_connection_termination": null,
                "unhealthy_draining_interval": null
              }
            ],
            "target_type": "ip",
            "vpc_id": "vpc-0dc59802654a427d1"
          },
          "sensitive_attributes": [],
          "identity_schema_version": 0,
          "identity": {
            "arn": "arn:aws:elasticloadbalancing:us-west-2:662921601207:targetgroup/shopping-cart-service-ddb-tg/ca64eaa67c3e4f21"
          },
          "private": "bnVsbA==",
          "dependencies": [
            "data.aws_vpc.default"
          ]
        }
      ]
    },
    {
      "module": "module.dynamodb",
      "mode": "managed",
      "type": "aws_dynamodb_table",
      "name": "shopping_carts",
      "provider": "provider[\"registry.terraform.io/hashicorp/aws\"]",
      "instances": [
        {
          "schema_version": 1,
          "attributes": {
            "arn": "arn:aws:dynamodb:us-west-2:662921601207:table/shopping-cart-service-carts",
            "attribute": [
              {
                "name": "cart_id",
                "type": "S"
              }
            ],
            "billing_mode": "PAY_PER_REQUEST",
            "deletion_protection_enabled": false,
            "global_secondary_index": [],
            "hash_key": "cart_id",
            "id": "shopping-cart-service-carts",
            "import_table": [],
            "local_secondary_index": [],
            "name": "shopping-cart-service-carts",
            "on_demand_throughput": [],
            "point_in_time_recovery": [
              {
                "enabled": false,
                "recovery_period_in_days": 0
              }
            ],
            "range_key": null,
            "read_capacity": 0,
            "region": "us-west-2",
            "replica": [],
            "restore_date_time": null,
            "restore_source_name": null,
            "restore_source_table_arn": null,
            "restore_to_latest_time": null,
            "server_side_encryption": [
              {
                "enabled": true,
                "kms_key_arn": ""
              }
            ],
            "stream_arn": "",
            "stream_enabled": false,
            "stream_label": "",
            "stream_view_type": "",
            "table_class": "STANDARD",
            "tags": {
              "Environment": "learning",
              "Name": "shopping-cart-service-carts"
            },
            "tags_all": {
              "Environment": "learning",
              "Name": "shopping-cart-service-carts"
            },
            "timeouts": null,
            "ttl": [
              {
                "attribute_name": "",
                "enabled": false
              }
            ],
            "write_capacity": 0
          },
          "sensitive_attributes": [],
          "identity_schema_version": 0,
          "private": "eyJlMmJmYjczMC1lY2FhLTExZTYtOGY4OC0zNDM2M2JjN2M0YzAiOnsiY3JlYXRlIjoxODAwMDAwMDAwMDAwLCJkZWxldGUiOjYwMDAwMDAwMDAwMCwidXBkYXRlIjozNjAwMDAwMDAwMDAwfSwic2NoZW1hX3ZlcnNpb24iOiIxIn0="
        }
      ]
    },
    {
      "module": "module.ecr",
      "mode": "managed",
      "type": "aws_ecr_repository",
      "name": "this",
      "provider": "provider[\"registry.terraform.io/hashicorp/aws\"]",
      "instances": [
        {
          "schema_version": 0,
          "attributes": {
            "arn": "arn:aws:ecr:us-west-2:662921601207:repository/shopping-cart-api",
            "encryption_configuration": [
              {
                "encryption_type": "AES256",
                "kms_key": ""
              }
            ],
            "force_delete": null,
            "id": "shopping-cart-api",
            "image_scanning_configuration": [
              {
                "scan_on_push": false
              }
            ],
            "image_tag_mutability": "MUTABLE",
            "name": "shopping-cart-api",
            "region": "us-west-2",
            "registry_id": "662921601207",
            "repository_url": "662921601207.dkr.ecr.us-west-2.amazonaws.com/shopping-cart-api",
            "tags": {},
            "tags_all": {},
            "timeouts": null
          },
          "sensitive_attributes": [],
          "identity_schema_version": 0,
          "private": "eyJlMmJmYjczMC1lY2FhLTExZTYtOGY4OC0zNDM2M2JjN2M0YzAiOnsiZGVsZXRlIjoxMjAwMDAwMDAwMDAwfX0="
        }
      ]
    },
    {
      "module": "module.ecr_dynamodb",
      "mode": "managed",
      "type": "aws_ecr_repository",
      "name": "this",
      "provider": "provider[\"registry.terraform.io/hashicorp/aws\"]",
      "instances": [
        {
          "schema_version": 0,
          "attributes": {
            "arn": "arn:aws:ecr:us-west-2:662921601207:repository/shopping-cart-api-dynamodb",
            "encryption_configuration": [
              {
                "encryption_type": "AES256",
                "kms_key": ""
              }
            ],
            "force_delete": null,
            "id": "shopping-cart-api-dynamodb",
            "image_scanning_configuration": [
              {
                "scan_on_push": false
              }
            ],
            "image_tag_mutability": "MUTABLE",
            "name": "shopping-cart-api-dynamodb",
            "region": "us-west-2",
            "registry_id": "662921601207",
            "repository_url": "662921601207.dkr.ecr.us-west-2.amazonaws.com/shopping-cart-api-dynamodb",
            "tags": {},
            "tags_all": {},
            "timeouts": null
          },
          "sensitive_attributes": [],
          "identity_schema_version": 0,
          "private": "eyJlMmJmYjczMC1lY2FhLTExZTYtOGY4OC0zNDM2M2JjN2M0YzAiOnsiZGVsZXRlIjoxMjAwMDAwMDAwMDAwfX0="
        }
      ]
    },
    {
      "module": "module.ecs",
      "mode": "managed",
      "type": "aws_appautoscaling_policy",
      "name": "ecs_cpu_policy",
      "provider": "provider[\"registry.terraform.io/hashicorp/aws\"]",
      "instances": [
        {
          "index_key": 0,
          "schema_version": 0,
          "attributes": {
            "alarm_arns": [
              "arn:aws:cloudwatch:us-west-2:662921601207:alarm:TargetTracking-service/shopping-cart-service-cluster/shopping-cart-service-AlarmHigh-48f0d98b-faaf-4aaf-a860-5e54759a1da6",
              "arn:aws:cloudwatch:us-west-2:662921601207:alarm:TargetTracking-service/shopping-cart-service-cluster/shopping-cart-service-AlarmLow-640f6b86-a84b-497d-ac7e-a15df7d3c1e3"
            ],
            "arn": "arn:aws:autoscaling:us-west-2:662921601207:scalingPolicy:1b1a5d0d-2163-4b46-a98e-b68afba877d4:resource/ecs/service/shopping-cart-service-cluster/shopping-cart-service:policyName/shopping-cart-service-cpu-autoscaling",
            "id": "shopping-cart-service-cpu-autoscaling",
            "name": "shopping-cart-service-cpu-autoscaling",
            "policy_type": "TargetTrackingScaling",
            "region": "us-west-2",
            "resource_id": "service/shopping-cart-service-cluster/shopping-cart-service",
            "scalable_dimension": "ecs:service:DesiredCount",
            "service_namespace": "ecs",
            "step_scaling_policy_configuration": [],
            "target_tracking_scaling_policy_configuration": [
              {
                "customized_metric_specification": [],
                "disable_scale_in": false,
                "predefined_metric_specification": [
                  {
                    "predefined_metric_type": "ECSServiceAverageCPUUtilization",
                    "resource_label": ""
                  }
                ],
                "scale_in_cooldown": 300,
                "scale_out_cooldown": 60,
                "target_value": 70
              }
            ]
          },
          "sensitive_attributes": [],
          "identity_schema_version": 0,
          "private": "bnVsbA==",
          "dependencies": [
            "data.aws_iam_role.lab_role",
            "data.aws_vpc.default",
            "module.alb.aws_lb_target_group.this",
            "module.ecr.aws_ecr_repository.this",
            "module.ecs.aws_appautoscaling_target.ecs_target",
            "module.ecs.aws_ecs_cluster.this",
            "module.ecs.aws_ecs_service.this",
            "module.ecs.aws_ecs_task_definition.this",
            "module.logging.aws_cloudwatch_log_group.this",
            "module.network.aws_security_group.this",
            "module.network.data.aws_subnets.default",
            "module.network.data.aws_vpc.default",
            "module.rds.aws_db_instance.mysql",
            "module.rds.aws_db_subnet_group.main",
            "module.rds.aws_security_group.rds"
          ]
        }
      ]
    },
    {
      "module": "module.ecs",
      "mode": "managed",
      "type": "aws_appautoscaling_target",
      "name": "ecs_target",
      "provider": "provider[\"registry.terraform.io/hashicorp/aws\"]",
      "instances": [
        {
          "index_key": 0,
          "schema_version": 0,
          "attributes": {
            "arn": "arn:aws:application-autoscaling:us-west-2:662921601207:scalable-target/0ec51b1a5d0d21634b46a98eb68afba877d4",
            "id": "service/shopping-cart-service-cluster/shopping-cart-service",
            "max_capacity": 4,
            "min_capacity": 2,
            "region": "us-west-2",
            "resource_id": "service/shopping-cart-service-cluster/shopping-cart-service",
            "role_arn": "arn:aws:iam::662921601207:role/aws-service-role/ecs.application-autoscaling.amazonaws.com/AWSServiceRoleForApplicationAutoScaling_ECSService",
            "scalable_dimension": "ecs:service:DesiredCount",
            "service_namespace": "ecs",
            "suspended_state": [
              {
                "dynamic_scaling_in_suspended": false,
                "dynamic_scaling_out_suspended": false,
                "scheduled_scaling_suspended": false
              }
            ],
            "tags": {},
            "tags_all": {}
          },
          "sensitive_attributes": [],
          "identity_schema_version": 0,
          "private": "bnVsbA==",
          "dependencies": [
            "data.aws_iam_role.lab_role",
            "data.aws_vpc.default",
            "module.alb.aws_lb_target_group.this",
            "module.ecr.aws_ecr_repository.this",
            "module.ecs.aws_ecs_cluster.this",
            "module.ecs.aws_ecs_service.this",
            "module.ecs.aws_ecs_task_definition.this",
            "module.logging.aws_cloudwatch_log_group.this",
            "module.network.aws_security_group.this",
            "module.network.data.aws_subnets.default",
            "module.network.data.aws_vpc.default",
            "module.rds.aws_db_instance.mysql",
            "module.rds.aws_db_subnet_group.main",
            "module.rds.aws_security_group.rds"
          ]
        }
      ]
    },
    {
      "module": "module.ecs",
      "mode": "managed",
      "type": "aws_ecs_cluster",
      "name": "this",
      "provider": "provider[\"registry.terraform.io/hashicorp/aws\"]",
      "instances": [
        {
          "schema_version": 0,
          "attributes": {
            "arn": "arn:aws:ecs:us-west-2:662921601207:cluster/shopping-cart-service-cluster",
            "configuration": [],
            "id": "arn:aws:ecs:us-west-2:662921601207:cluster/shopping-cart-service-cluster",
            "name": "shopping-cart-service-cluster",
            "region": "us-west-2",
            "service_connect_defaults": [],
            "setting": [
              {
                "name": "containerInsights",
                "value": "disabled"
              }
            ],
            "tags": {},
            "tags_all": {}
          },
          "sensitive_attributes": [],
          "identity_schema_version": 0,
          "private": "bnVsbA=="
        }
      ]
    },
    {
      "module": "module.ecs",
      "mode": "managed",
      "type": "aws_ecs_service",
      "name": "this",
      "provider": "provider[\"registry.terraform.io/hashicorp/aws\"]",
      "instances": [
        {
          "schema_version": 1,
          "attributes": {
            "alarms": [],
            "arn": "arn:aws:ecs:us-west-2:662921601207:service/shopping-cart-service-cluster/shopping-cart-service",
            "availability_zone_rebalancing": "DISABLED",
            "capacity_provider_strategy": [],
            "cluster": "arn:aws:ecs:us-west-2:662921601207:cluster/shopping-cart-service-cluster",
            "deployment_circuit_breaker": [
              {
                "enable": false,
                "rollback": false
              }
            ],
            "deployment_configuration": [],
            "deployment_controller": [
              {
                "type": "ECS"
              }
            ],
            "deployment_maximum_percent": 200,
            "deployment_minimum_healthy_percent": 100,
            "desired_count": 2,
            "enable_ecs_managed_tags": false,
            "enable_execute_command": false,
            "force_delete": null,
            "force_new_deployment": null,
            "health_check_grace_period_seconds": 0,
            "iam_role": "/aws-service-role/ecs.amazonaws.com/AWSServiceRoleForECS",
            "id": "arn:aws:ecs:us-west-2:662921601207:service/shopping-cart-service-cluster/shopping-cart-service",
            "launch_type": "FARGATE",
            "load_balancer": [
              {
                "advanced_configuration": [],
                "container_name": "shopping-cart-service",
                "container_port": 8080,
                "elb_name": "",
                "target_group_arn": "arn:aws:elasticloadbalancing:us-west-2:662921601207:targetgroup/shopping-cart-service-tg/4b130cda7c68a4d7"
              }
            ],
            "name": "shopping-cart-service",
            "network_configuration": [
              {
                "assign_public_ip": true,
                "security_groups": [
                  "sg-032667cae51921cdb"
                ],
                "subnets": [
                  "subnet-08eb5f74742d90755",
                  "subnet-0cdab1a835665d8aa",
                  "subnet-0f34c8990c4e3b8d9",
                  "subnet-0ff4ff1da3122fcd7"
                ]
              }
            ],
            "ordered_placement_strategy": [],
            "placement_constraints": [],
            "platform_version": "LATEST",
            "propagate_tags": "NONE",
            "region": "us-west-2",
            "scheduling_strategy": "REPLICA",
            "service_connect_configuration": [],
            "service_registries": [],
            "tags": {},
            "tags_all": {},
            "task_definition": "arn:aws:ecs:us-west-2:662921601207:task-definition/shopping-cart-service-task:1",
            "timeouts": null,
            "triggers": {},
            "volume_configuration": [],
            "vpc_lattice_configurations": [],
            "wait_for_steady_state": false
          },
          "sensitive_attributes": [],
          "identity_schema_version": 0,
          "private": "eyJlMmJmYjczMC1lY2FhLTExZTYtOGY4OC0zNDM2M2JjN2M0YzAiOnsiY3JlYXRlIjoxMjAwMDAwMDAwMDAwLCJkZWxldGUiOjEyMDAwMDAwMDAwMDAsInVwZGF0ZSI6MTIwMDAwMDAwMDAwMH0sInNjaGVtYV92ZXJzaW9uIjoiMSJ9",
          "dependencies": [
            "data.aws_iam_role.lab_role",
            "data.aws_vpc.default",
            "module.alb.aws_lb_target_group.this",
            "module.ecr.aws_ecr_repository.this",
            "module.ecs.aws_ecs_cluster.this",
            "module.ecs.aws_ecs_task_definition.this",
            "module.logging.aws_cloudwatch_log_group.this",
            "module.network.aws_security_group.this",
            "module.network.data.aws_subnets.default",
            "module.network.data.aws_vpc.default",
            "module.rds.aws_db_instance.mysql",
            "module.rds.aws_db_subnet_group.main",
            "module.rds.aws_security_group.rds"
          ]
        }
      ]
    },
    {
      "module": "module.ecs",
      "mode": "managed",
      "type": "aws_ecs_task_definition",
      "name": "this",
      "provider": "provider[\"registry.terraform.io/hashicorp/aws\"]",
      "instances": [
        {
          "schema_version": 1,
          "attributes": {
            "arn": "arn:aws:ecs:us-west-2:662921601207:task-definition/shopping-cart-service-task:1",
            "arn_without_revision": "arn:aws:ecs:us-west-2:662921601207:task-definition/shopping-cart-service-task",
            "container_definitions": "[{\"environment\":[{\"name\":\"DB_HOST\",\"value\":\"shopping-cart-service-mysql.com1djx9bwcb.us-west-2.rds.amazonaws.com\"},{\"name\":\"DB_NAME\",\"value\":\"shopping_cart\"},{\"name\":\"DB_PASSWORD\",\"value\":\"ShoppingCart2025!\"},{\"name\":\"DB_PORT\",\"value\":\"3306\"},{\"name\":\"DB_USER\",\"value\":\"admin\"}],\"essential\":true,\"healthCheck\":{\"command\":[\"CMD-SHELL\",\"wget --no-verbose --tries=1 --spider http://localhost:8080/health || exit 1\"],\"interval\":30,\"retries\":3,\"startPeriod\":60,\"timeout\":5},\"image\":\"662921601207.dkr.ecr.us-west-2.amazonaws.com/shopping-cart-api:latest\",\"logConfiguration\":{\"logDriver\":\"awslogs\",\"options\":{\"awslogs-group\":\"/ecs/shopping-cart-service\",\"awslogs-region\":\"us-west-2\",\"awslogs-stream-prefix\":\"ecs\"}},\"mountPoints\":[],\"name\":\"shopping-cart-service\",\"portMappings\":[{\"containerPort\":8080,\"hostPort\":8080,\"protocol\":\"tcp\"}],\"systemControls\":[],\"volumesFrom\":[]}]",
            "cpu": "256",
            "enable_fault_injection": false,
            "ephemeral_storage": [],
            "execution_role_arn": "arn:aws:iam::662921601207:role/LabRole",
            "family": "shopping-cart-service-task",
            "id": "shopping-cart-service-task",
            "ipc_mode": "",
            "memory": "512",
            "network_mode": "awsvpc",
            "pid_mode": "",
            "placement_constraints": [],
            "proxy_configuration": [],
            "region": "us-west-2",
            "requires_compatibilities": [
              "FARGATE"
            ],
            "revision": 1,
            "runtime_platform": [],
            "skip_destroy": false,
            "tags": {},
            "tags_all": {},
            "task_role_arn": "arn:aws:iam::662921601207:role/LabRole",
            "track_latest": false,
            "volume": []
          },
          "sensitive_attributes": [
            [
              {
                "type": "get_attr",
                "value": "container_definitions"
              }
            ]
          ],
          "identity_schema_version": 0,
          "private": "eyJzY2hlbWFfdmVyc2lvbiI6IjEifQ==",
          "dependencies": [
            "data.aws_iam_role.lab_role",
            "data.aws_vpc.default",
            "module.ecr.aws_ecr_repository.this",
            "module.logging.aws_cloudwatch_log_group.this",
            "module.network.aws_security_group.this",
            "module.network.data.aws_subnets.default",
            "module.network.data.aws_vpc.default",
            "module.rds.aws_db_instance.mysql",
            "module.rds.aws_db_subnet_group.main",
            "module.rds.aws_security_group.rds"
          ]
        }
      ]
    },
    {
      "module": "module.ecs_dynamodb",
      "mode": "managed",
      "type": "aws_appautoscaling_policy",
      "name": "ecs_cpu_policy",
      "provider": "provider[\"registry.terraform.io/hashicorp/aws\"]",
      "instances": [
        {
          "index_key": 0,
          "schema_version": 0,
          "attributes": {
            "alarm_arns": [
              "arn:aws:cloudwatch:us-west-2:662921601207:alarm:TargetTracking-service/shopping-cart-service-ddb-cluster/shopping-cart-service-ddb-AlarmHigh-38e1706f-2de1-47b2-bcc9-516ce817a043",
              "arn:aws:cloudwatch:us-west-2:662921601207:alarm:TargetTracking-service/shopping-cart-service-ddb-cluster/shopping-cart-service-ddb-AlarmLow-64adcd60-6631-4a83-b79b-7ba08cfaa9b4"
            ],
            "arn": "arn:aws:autoscaling:us-west-2:662921601207:scalingPolicy:2b675655-eb79-4ce3-9146-734337e96c3b:resource/ecs/service/shopping-cart-service-ddb-cluster/shopping-cart-service-ddb:policyName/shopping-cart-service-ddb-cpu-autoscaling",
            "id": "shopping-cart-service-ddb-cpu-autoscaling",
            "name": "shopping-cart-service-ddb-cpu-autoscaling",
            "policy_type": "TargetTrackingScaling",
            "region": "us-west-2",
            "resource_id": "service/shopping-cart-service-ddb-cluster/shopping-cart-service-ddb",
            "scalable_dimension": "ecs:service:DesiredCount",
            "service_namespace": "ecs",
            "step_scaling_policy_configuration": [],
            "target_tracking_scaling_policy_configuration": [
              {
                "customized_metric_specification": [],
                "disable_scale_in": false,
                "predefined_metric_specification": [
                  {
                    "predefined_metric_type": "ECSServiceAverageCPUUtilization",
                    "resource_label": ""
                  }
                ],
                "scale_in_cooldown": 300,
                "scale_out_cooldown": 60,
                "target_value": 70
              }
            ]
          },
          "sensitive_attributes": [],
          "identity_schema_version": 0,
          "private": "bnVsbA==",
          "dependencies": [
            "data.aws_iam_role.lab_role",
            "data.aws_vpc.default",
            "module.alb_dynamodb.aws_lb_target_group.this",
            "module.dynamodb.aws_dynamodb_table.shopping_carts",
            "module.ecr_dynamodb.aws_ecr_repository.this",
            "module.ecs_dynamodb.aws_appautoscaling_target.ecs_target",
            "module.ecs_dynamodb.aws_ecs_cluster.this",
            "module.ecs_dynamodb.aws_ecs_service.this",
            "module.ecs_dynamodb.aws_ecs_task_definition.this",
            "module.logging_dynamodb.aws_cloudwatch_log_group.this",
            "module.network.aws_security_group.this",
            "module.network.data.aws_subnets.default",
            "module.network.data.aws_vpc.default"
          ]
        }
      ]
    },
    {
      "module": "module.ecs_dynamodb",
      "mode": "managed",
      "type": "aws_appautoscaling_target",
      "name": "ecs_target",
      "provider": "provider[\"registry.terraform.io/hashicorp/aws\"]",
      "instances": [
        {
          "index_key": 0,
          "schema_version": 0,
          "attributes": {
            "arn": "arn:aws:application-autoscaling:us-west-2:662921601207:scalable-target/0ec52b675655eb794ce39146734337e96c3b",
            "id": "service/shopping-cart-service-ddb-cluster/shopping-cart-service-ddb",
            "max_capacity": 4,
            "min_capacity": 2,
            "region": "us-west-2",
            "resource_id": "service/shopping-cart-service-ddb-cluster/shopping-cart-service-ddb",
            "role_arn": "arn:aws:iam::662921601207:role/aws-service-role/ecs.application-autoscaling.amazonaws.com/AWSServiceRoleForApplicationAutoScaling_ECSService",
            "scalable_dimension": "ecs:service:DesiredCount",
            "service_namespace": "ecs",
            "suspended_state": [
              {
                "dynamic_scaling_in_suspended": false,
                "dynamic_scaling_out_suspended": false,
                "scheduled_scaling_suspended": false
              }
            ],
            "tags": {},
            "tags_all": {}
          },
          "sensitive_attributes": [],
          "identity_schema_version": 0,
          "private": "bnVsbA==",
          "dependencies": [
            "data.aws_iam_role.lab_role",
            "data.aws_vpc.default",
            "module.alb_dynamodb.aws_lb_target_group.this",
            "module.dynamodb.aws_dynamodb_table.shopping_carts",
            "module.ecr_dynamodb.aws_ecr_repository.this",
            "module.ecs_dynamodb.aws_ecs_cluster.this",
            "module.ecs_dynamodb.aws_ecs_service.this",
            "module.ecs_dynamodb.aws_ecs_task_definition.this",
            "module.logging_dynamodb.aws_cloudwatch_log_group.this",
            "module.network.aws_security_group.this",
            "module.network.data.aws_subnets.default",
            "module.network.data.aws_vpc.default"
          ]
        }
      ]
    },
    {
      "module": "module.ecs_dynamodb",
      "mode": "managed",
      "type": "aws_ecs_cluster",
      "name": "this",
      "provider": "provider[\"registry.terraform.io/hashicorp/aws\"]",
      "instances": [
        {
          "schema_version": 0,
          "attributes": {
            "arn": "arn:aws:ecs:us-west-2:662921601207:cluster/shopping-cart-service-ddb-cluster",
            "configuration": [],
            "id": "arn:aws:ecs:us-west-2:662921601207:cluster/shopping-cart-service-ddb-cluster",
            "name": "shopping-cart-service-ddb-cluster",
            "region": "us-west-2",
            "service_connect_defaults": [],
            "setting": [
              {
                "name": "containerInsights",
                "value": "disabled"
              }
            ],
            "tags": {},
            "tags_all": {}
          },
          "sensitive_attributes": [],
          "identity_schema_version": 0,
          "private": "bnVsbA=="
        }
      ]
    },
    {
      "module": "module.ecs_dynamodb",
      "mode": "managed",
      "type": "aws_ecs_service",
      "name": "this",
      "provider": "provider[\"registry.terraform.io/hashicorp/aws\"]",
      "instances": [
        {
          "schema_version": 1,
          "attributes": {
            "alarms": [],
            "arn": "arn:aws:ecs:us-west-2:662921601207:service/shopping-cart-service-ddb-cluster/shopping-cart-service-ddb",
            "availability_zone_rebalancing": "DISABLED",
            "capacity_provider_strategy": [],
            "cluster": "arn:aws:ecs:us-west-2:662921601207:cluster/shopping-cart-service-ddb-cluster",
            "deployment_circuit_breaker": [
              {
                "enable": false,
                "rollback": false
              }
            ],
            "deployment_configuration": [],
            "deployment_controller": [
              {
                "type": "ECS"
              }
            ],
            "deployment_maximum_percent": 200,
            "deployment_minimum_healthy_percent": 100,
            "desired_count": 2,
            "enable_ecs_managed_tags": false,
            "enable_execute_command": false,
            "force_delete": null,
            "force_new_deployment": null,
            "health_check_grace_period_seconds": 0,
            "iam_role": "/aws-service-role/ecs.amazonaws.com/AWSServiceRoleForECS",
            "id": "arn:aws:ecs:us-west-2:662921601207:service/shopping-cart-service-ddb-cluster/shopping-cart-service-ddb",
            "launch_type": "FARGATE",
            "load_balancer": [
              {
                "advanced_configuration": [],
                "container_name": "shopping-cart-service-ddb",
                "container_port": 8080,
                "elb_name": "",
                "target_group_arn": "arn:aws:elasticloadbalancing:us-west-2:662921601207:targetgroup/shopping-cart-service-ddb-tg/ca64eaa67c3e4f21"
              }
            ],
            "name": "shopping-cart-service-ddb",
            "network_configuration": [
              {
                "assign_public_ip": true,
                "security_groups": [
                  "sg-032667cae51921cdb"
                ],
                "subnets": [
                  "subnet-08eb5f74742d90755",
                  "subnet-0cdab1a835665d8aa",
                  "subnet-0f34c8990c4e3b8d9",
                  "subnet-0ff4ff1da3122fcd7"
                ]
              }
            ],
            "ordered_placement_strategy": [],
            "placement_constraints": [],
            "platform_version": "LATEST",
            "propagate_tags": "NONE",
            "region": "us-west-2",
            "scheduling_strategy": "REPLICA",
            "service_connect_configuration": [],
            "service_registries": [],
            "tags": {},
            "tags_all": {},
            "task_definition": "arn:aws:ecs:us-west-2:662921601207:task-definition/shopping-cart-service-ddb-task:1",
            "timeouts": null,
            "triggers": {},
            "volume_configuration": [],
            "vpc_lattice_configurations": [],
            "wait_for_steady_state": false
          },
          "sensitive_attributes": [],
          "identity_schema_version": 0,
          "private": "eyJlMmJmYjczMC1lY2FhLTExZTYtOGY4OC0zNDM2M2JjN2M0YzAiOnsiY3JlYXRlIjoxMjAwMDAwMDAwMDAwLCJkZWxldGUiOjEyMDAwMDAwMDAwMDAsInVwZGF0ZSI6MTIwMDAwMDAwMDAwMH0sInNjaGVtYV92ZXJzaW9uIjoiMSJ9",
          "dependencies": [
            "data.aws_iam_role.lab_role",
            "data.aws_vpc.default",
            "module.alb_dynamodb.aws_lb_target_group.this",
            "module.dynamodb.aws_dynamodb_table.shopping_carts",
            "module.ecr_dynamodb.aws_ecr_repository.this",
            "module.ecs_dynamodb.aws_ecs_cluster.this",
            "module.ecs_dynamodb.aws_ecs_task_definition.this",
            "module.logging_dynamodb.aws_cloudwatch_log_group.this",
            "module.network.aws_security_group.this",
            "module.network.data.aws_subnets.default",
            "module.network.data.aws_vpc.default"
          ]
        }
      ]
    },
    {
      "module": "module.ecs_dynamodb",
      "mode": "managed",
      "type": "aws_ecs_task_definition",
      "name": "this",
      "provider": "provider[\"registry.terraform.io/hashicorp/aws\"]",
      "instances": [
        {
          "schema_version": 1,
          "attributes": {
            "arn": "arn:aws:ecs:us-west-2:662921601207:task-definition/shopping-cart-service-ddb-task:1",
            "arn_without_revision": "arn:aws:ecs:us-west-2:662921601207:task-definition/shopping-cart-service-ddb-task",
            "container_definitions": "[{\"environment\":[{\"name\":\"AWS_REGION\",\"value\":\"us-west-2\"},{\"name\":\"DYNAMODB_TABLE\",\"value\":\"shopping-cart-service-carts\"}],\"essential\":true,\"healthCheck\":{\"command\":[\"CMD-SHELL\",\"wget --no-verbose --tries=1 --spider http://localhost:8080/health || exit 1\"],\"interval\":30,\"retries\":3,\"startPeriod\":60,\"timeout\":5},\"image\":\"662921601207.dkr.ecr.us-west-2.amazonaws.com/shopping-cart-api-dynamodb:latest\",\"logConfiguration\":{\"logDriver\":\"awslogs\",\"options\":{\"awslogs-stream-prefix\":\"ecs\",\"awslogs-group\":\"/ecs/shopping-cart-service-ddb\",\"awslogs-region\":\"us-west-2\"}},\"mountPoints\":[],\"name\":\"shopping-cart-service-ddb\",\"portMappings\":[{\"containerPort\":8080,\"hostPort\":8080,\"protocol\":\"tcp\"}],\"systemControls\":[],\"volumesFrom\":[]}]",
            "cpu": "256",
            "enable_fault_injection": false,
            "ephemeral_storage": [],
            "execution_role_arn": "arn:aws:iam::662921601207:role/LabRole",
            "family": "shopping-cart-service-ddb-task",
            "id": "shopping-cart-service-ddb-task",
            "ipc_mode": "",
            "memory": "512",
            "network_mode": "awsvpc",
            "pid_mode": "",
            "placement_constraints": [],
            "proxy_configuration": [],
            "region": "us-west-2",
            "requires_compatibilities": [
              "FARGATE"
            ],
            "revision": 1,
            "runtime_platform": [],
            "skip_destroy": false,
            "tags": {},
            "tags_all": {},
            "task_role_arn": "arn:aws:iam::662921601207:role/LabRole",
            "track_latest": false,
            "volume": []
          },
          "sensitive_attributes": [],
          "identity_schema_version": 0,
          "private": "eyJzY2hlbWFfdmVyc2lvbiI6IjEifQ==",
          "dependencies": [
            "data.aws_iam_role.lab_role",
            "module.dynamodb.aws_dynamodb_table.shopping_carts",
            "module.ecr_dynamodb.aws_ecr_repository.this",
            "module.logging_dynamodb.aws_cloudwatch_log_group.this"
          ]
        }
      ]
    },
    {
      "module": "module.logging",
      "mode": "managed",
      "type": "aws_cloudwatch_log_group",
      "name": "this",
      "provider": "provider[\"registry.terraform.io/hashicorp/aws\"]",
      "instances": [
        {
          "schema_version": 0,
          "attributes": {
            "arn": "arn:aws:logs:us-west-2:662921601207:log-group:/ecs/shopping-cart-service",
            "id": "/ecs/shopping-cart-service",
            "kms_key_id": "",
            "log_group_class": "STANDARD",
            "name": "/ecs/shopping-cart-service",
            "name_prefix": "",
            "region": "us-west-2",
            "retention_in_days": 7,
            "skip_destroy": false,
            "tags": {},
            "tags_all": {}
          },
          "sensitive_attributes": [],
          "identity_schema_version": 0,
          "private": "bnVsbA=="
        }
      ]
    },
    {
      "module": "module.logging_dynamodb",
      "mode": "managed",
      "type": "aws_cloudwatch_log_group",
      "name": "this",
      "provider": "provider[\"registry.terraform.io/hashicorp/aws\"]",
      "instances": [
        {
          "schema_version": 0,
          "attributes": {
            "arn": "arn:aws:logs:us-west-2:662921601207:log-group:/ecs/shopping-cart-service-ddb",
            "id": "/ecs/shopping-cart-service-ddb",
            "kms_key_id": "",
            "log_group_class": "STANDARD",
            "name": "/ecs/shopping-cart-service-ddb",
            "name_prefix": "",
            "region": "us-west-2",
            "retention_in_days": 7,
            "skip_destroy": false,
            "tags": {},
            "tags_all": {}
          },
          "sensitive_attributes": [],
          "identity_schema_version": 0,
          "private": "bnVsbA=="
        }
      ]
    },
    {
      "module": "module.network",
      "mode": "data",
      "type": "aws_subnets",
      "name": "default",
      "provider": "provider[\"registry.terraform.io/hashicorp/aws\"]",
      "instances": [
        {
          "schema_version": 0,
          "attributes": {
            "filter": [
              {
                "name": "vpc-id",
                "values": [
                  "vpc-0dc59802654a427d1"
                ]
              }
            ],
            "id": "us-west-2",
            "ids": [
              "subnet-0ff4ff1da3122fcd7",
              "subnet-0f34c8990c4e3b8d9",
              "subnet-08eb5f74742d90755",
              "subnet-0cdab1a835665d8aa"
            ],
            "region": "us-west-2",
            "tags": null,
            "timeouts": null
          },
          "sensitive_attributes": [],
          "identity_schema_version": 0
        }
      ]
    },
    {
      "module": "module.network",
      "mode": "data",
      "type": "aws_vpc",
      "name": "default",
      "provider": "provider[\"registry.terraform.io/hashicorp/aws\"]",
      "instances": [
        {
          "schema_version": 0,
          "attributes": {
            "arn": "arn:aws:ec2:us-west-2:662921601207:vpc/vpc-0dc59802654a427d1",
            "cidr_block": "172.31.0.0/16",
            "cidr_block_associations": [
              {
                "association_id": "vpc-cidr-assoc-0f846db6ab99e3533",
                "cidr_block": "172.31.0.0/16",
                "state": "associated"
              }
            ],
            "default": true,
            "dhcp_options_id": "dopt-04a327f45b81346c5",
            "enable_dns_hostnames": true,
            "enable_dns_support": true,
            "enable_network_address_usage_metrics": false,
            "filter": null,
            "id": "vpc-0dc59802654a427d1",
            "instance_tenancy": "default",
            "ipv6_association_id": "",
            "ipv6_cidr_block": "",
            "main_route_table_id": "rtb-039013dd876b90a76",
            "owner_id": "662921601207",
            "region": "us-west-2",
            "state": null,
            "tags": {},
            "timeouts": null
          },
          "sensitive_attributes": [],
          "identity_schema_version": 0
        }
      ]
    },
    {
      "module": "module.network",
      "mode": "managed",
      "type": "aws_security_group",
      "name": "this",
      "provider": "provider[\"registry.terraform.io/hashicorp/aws\"]",
      "instances": [
        {
          "schema_version": 1,
          "attributes": {
            "arn": "arn:aws:ec2:us-west-2:662921601207:security-group/sg-032667cae51921cdb",
            "description": "Allow inbound on 80 and 8080",
            "egress": [
              {
                "cidr_blocks": [
                  "0.0.0.0/0"
                ],
                "description": "Allow all outbound",
                "from_port": 0,
                "ipv6_cidr_blocks": [],
                "prefix_list_ids": [],
                "protocol": "-1",
                "security_groups": [],
                "self": false,
                "to_port": 0
              }
            ],
            "id": "sg-032667cae51921cdb",
            "ingress": [
              {
                "cidr_blocks": [
                  "0.0.0.0/0"
                ],
                "description": "Allow HTTP traffic to ALB",
                "from_port": 80,
                "ipv6_cidr_blocks": [],
                "prefix_list_ids": [],
                "protocol": "tcp",
                "security_groups": [],
                "self": false,
                "to_port": 80
              },
              {
                "cidr_blocks": [
                  "0.0.0.0/0"
                ],
                "description": "Allow HTTP traffic to containers",
                "from_port": 8080,
                "ipv6_cidr_blocks": [],
                "prefix_list_ids": [],
                "protocol": "tcp",
                "security_groups": [],
                "self": false,
                "to_port": 8080
              }
            ],
            "name": "shopping-cart-service-sg",
            "name_prefix": "",
            "owner_id": "662921601207",
            "region": "us-west-2",
            "revoke_rules_on_delete": false,
            "tags": {},
            "tags_all": {},
            "timeouts": null,
            "vpc_id": "vpc-0dc59802654a427d1"
          },
          "sensitive_attributes": [],
          "identity_schema_version": 0,
          "private": "eyJlMmJmYjczMC1lY2FhLTExZTYtOGY4OC0zNDM2M2JjN2M0YzAiOnsiY3JlYXRlIjo2MDAwMDAwMDAwMDAsImRlbGV0ZSI6OTAwMDAwMDAwMDAwfSwic2NoZW1hX3ZlcnNpb24iOiIxIn0=",
          "dependencies": [
            "module.network.data.aws_vpc.default"
          ]
        }
      ]
    },
    {
      "module": "module.rds",
      "mode": "managed",
      "type": "aws_db_instance",
      "name": "mysql",
      "provider": "provider[\"registry.terraform.io/hashicorp/aws\"]",
      "instances": [
        {
          "schema_version": 2,
          "attributes": {
            "address": "shopping-cart-service-mysql.com1djx9bwcb.us-west-2.rds.amazonaws.com",
            "allocated_storage": 20,
            "allow_major_version_upgrade": null,
            "apply_immediately": false,
            "arn": "arn:aws:rds:us-west-2:662921601207:db:shopping-cart-service-mysql",
            "auto_minor_version_upgrade": true,
            "availability_zone": "us-west-2a",
            "backup_retention_period": 0,
            "backup_target": "region",
            "backup_window": "06:10-06:40",
            "blue_green_update": [],
            "ca_cert_identifier": "rds-ca-rsa2048-g1",
            "character_set_name": "",
            "copy_tags_to_snapshot": false,
            "custom_iam_instance_profile": "",
            "customer_owned_ip_enabled": false,
            "database_insights_mode": "standard",
            "db_name": "shopping_cart",
            "db_subnet_group_name": "shopping-cart-service-db-subnet-group",
            "dedicated_log_volume": false,
            "delete_automated_backups": true,
            "deletion_protection": false,
            "domain": "",
            "domain_auth_secret_arn": "",
            "domain_dns_ips": [],
            "domain_fqdn": "",
            "domain_iam_role_name": "",
            "domain_ou": "",
            "enabled_cloudwatch_logs_exports": [
              "error",
              "general",
              "slowquery"
            ],
            "endpoint": "shopping-cart-service-mysql.com1djx9bwcb.us-west-2.rds.amazonaws.com:3306",
            "engine": "mysql",
            "engine_lifecycle_support": "open-source-rds-extended-support",
            "engine_version": "8.0.39",
            "engine_version_actual": "8.0.39",
            "final_snapshot_identifier": null,
            "hosted_zone_id": "Z1PVIF0B656C1W",
            "iam_database_authentication_enabled": false,
            "id": "db-WSJUFKCQ4ZNQTJ7AK5LHNZU33I",
            "identifier": "shopping-cart-service-mysql",
            "identifier_prefix": "",
            "instance_class": "db.t3.micro",
            "iops": 0,
            "kms_key_id": "",
            "latest_restorable_time": "",
            "license_model": "general-public-license",
            "listener_endpoint": [],
            "maintenance_window": "tue:08:22-tue:08:52",
            "manage_master_user_password": null,
            "master_user_secret": [],
            "master_user_secret_kms_key_id": null,
            "max_allocated_storage": 100,
            "monitoring_interval": 0,
            "monitoring_role_arn": "",
            "multi_az": false,
            "nchar_character_set_name": "",
            "network_type": "IPV4",
            "option_group_name": "default:mysql-8-0",
            "parameter_group_name": "default.mysql8.0",
            "password": "ShoppingCart2025!",
            "password_wo": null,
            "password_wo_version": null,
            "performance_insights_enabled": false,
            "performance_insights_kms_key_id": "",
            "performance_insights_retention_period": 0,
            "port": 3306,
            "publicly_accessible": false,
            "region": "us-west-2",
            "replica_mode": "",
            "replicas": [],
            "replicate_source_db": "",
            "resource_id": "db-WSJUFKCQ4ZNQTJ7AK5LHNZU33I",
            "restore_to_point_in_time": [],
            "s3_import": [],
            "skip_final_snapshot": true,
            "snapshot_identifier": null,
            "status": "available",
            "storage_encrypted": false,
            "storage_throughput": 0,
            "storage_type": "gp2",
            "tags": {
              "Name": "shopping-cart-service-mysql"
            },
            "tags_all": {
              "Name": "shopping-cart-service-mysql"
            },
            "timeouts": null,
            "timezone": "",
            "upgrade_storage_config": null,
            "username": "admin",
            "vpc_security_group_ids": [
              "sg-044e17c4e21a514fa"
            ]
          },
          "sensitive_attributes": [
            [
              {
                "type": "get_attr",
                "value": "password"
              }
            ],
            [
              {
                "type": "get_attr",
                "value": "password_wo"
              }
            ]
          ],
          "identity_schema_version": 0,
          "private": "eyJlMmJmYjczMC1lY2FhLTExZTYtOGY4OC0zNDM2M2JjN2M0YzAiOnsiY3JlYXRlIjozMDAwMDAwMDAwMDAwLCJkZWxldGUiOjM2MDAwMDAwMDAwMDAsInVwZGF0ZSI6NDgwMDAwMDAwMDAwMH0sInNjaGVtYV92ZXJzaW9uIjoiMiJ9",
          "dependencies": [
            "data.aws_vpc.default",
            "module.network.aws_security_group.this",
            "module.network.data.aws_subnets.default",
            "module.network.data.aws_vpc.default",
            "module.rds.aws_db_subnet_group.main",
            "module.rds.aws_security_group.rds"
          ]
        }
      ]
    },
    {
      "module": "module.rds",
      "mode": "managed",
      "type": "aws_db_subnet_group",
      "name": "main",
      "provider": "provider[\"registry.terraform.io/hashicorp/aws\"]",
      "instances": [
        {
          "schema_version": 0,
          "attributes": {
            "arn": "arn:aws:rds:us-west-2:662921601207:subgrp:shopping-cart-service-db-subnet-group",
            "description": "Managed by Terraform",
            "id": "shopping-cart-service-db-subnet-group",
            "name": "shopping-cart-service-db-subnet-group",
            "name_prefix": "",
            "region": "us-west-2",
            "subnet_ids": [
              "subnet-08eb5f74742d90755",
              "subnet-0cdab1a835665d8aa",
              "subnet-0f34c8990c4e3b8d9",
              "subnet-0ff4ff1da3122fcd7"
            ],
            "supported_network_types": [
              "IPV4"
            ],
            "tags": {
              "Name": "shopping-cart-service-db-subnet-group"
            },
            "tags_all": {
              "Name": "shopping-cart-service-db-subnet-group"
            },
            "vpc_id": "vpc-0dc59802654a427d1"
          },
          "sensitive_attributes": [],
          "identity_schema_version": 0,
          "private": "bnVsbA==",
          "dependencies": [
            "module.network.data.aws_subnets.default",
            "module.network.data.aws_vpc.default"
          ]
        }
      ]
    },
    {
      "module": "module.rds",
      "mode": "managed",
      "type": "aws_security_group",
      "name": "rds",
      "provider": "provider[\"registry.terraform.io/hashicorp/aws\"]",
      "instances": [
        {
          "schema_version": 1,
          "attributes": {
            "arn": "arn:aws:ec2:us-west-2:662921601207:security-group/sg-044e17c4e21a514fa",
            "description": "Security group for RDS MySQL instance",
            "egress": [
              {
                "cidr_blocks": [
                  "0.0.0.0/0"
                ],
                "description": "Allow all outbound",
                "from_port": 0,
                "ipv6_cidr_blocks": [],
                "prefix_list_ids": [],
                "protocol": "-1",
                "security_groups": [],
                "self": false,
                "to_port": 0
              }
            ],
            "id": "sg-044e17c4e21a514fa",
            "ingress": [
              {
                "cidr_blocks": [],
                "description": "MySQL from ECS",
                "from_port": 3306,
                "ipv6_cidr_blocks": [],
                "prefix_list_ids": [],
                "protocol": "tcp",
                "security_groups": [
                  "sg-032667cae51921cdb"
                ],
                "self": false,
                "to_port": 3306
              }
            ],
            "name": "shopping-cart-service-rds-sg",
            "name_prefix": "",
            "owner_id": "662921601207",
            "region": "us-west-2",
            "revoke_rules_on_delete": false,
            "tags": {
              "Name": "shopping-cart-service-rds-sg"
            },
            "tags_all": {
              "Name": "shopping-cart-service-rds-sg"
            },
            "timeouts": null,
            "vpc_id": "vpc-0dc59802654a427d1"
          },
          "sensitive_attributes": [],
          "identity_schema_version": 0,
          "private": "eyJlMmJmYjczMC1lY2FhLTExZTYtOGY4OC0zNDM2M2JjN2M0YzAiOnsiY3JlYXRlIjo2MDAwMDAwMDAwMDAsImRlbGV0ZSI6OTAwMDAwMDAwMDAwfSwic2NoZW1hX3ZlcnNpb24iOiIxIn0=",
          "dependencies": [
            "data.aws_vpc.default",
            "module.network.aws_security_group.this",
            "module.network.data.aws_vpc.default"
          ]
        }
      ]
    }
  ],
  "check_results": null
}
